
Microsoft Visual Studio Solution File, Format Version 12.00
# Visual Studio Version 17
VisualStudioVersion = 17.6.33723.286
MinimumVisualStudioVersion = 10.0.40219.1
Project("{9A19103F-16F7-4668-BE54-9A1E7A4F7556}") = "EmployeeManagement.Models", "EmployeeManagement.Models\EmployeeManagement.Models.csproj", "{89EC06EE-8A07-4731-9D96-C6E51A45347A}"
EndProject
Project("{9A19103F-16F7-4668-BE54-9A1E7A4F7556}") = "EmployeeManagement.Web", "EmployeeManagement.Web\EmployeeManagement.Web.csproj", "{8BCD806C-C0EA-4571-9542-4DC68C2780FB}"
EndProject
Project("{FAE04EC0-301F-11D3-BF4B-00C04F79EFBC}") = "EmployeeManagement.Api", "EmployeeManagement.Api\EmployeeManagement.Api.csproj", "{151CDE89-CF62-47CC-9ADA-015398FD9D81}"
EndProject
Global
	GlobalSection(SolutionConfigurationPlatforms) = preSolution
		Debug|Any CPU = Debug|Any CPU
		Release|Any CPU = Release|Any CPU
	EndGlobalSection
	GlobalSection(ProjectConfigurationPlatforms) = postSolution
		{89EC06EE-8A07-4731-9D96-C6E51A45347A}.Debug|Any CPU.ActiveCfg = Debug|Any CPU
		{89EC06EE-8A07-4731-9D96-C6E51A45347A}.Debug|Any CPU.Build.0 = Debug|Any CPU
		{89EC06EE-8A07-4731-9D96-C6E51A45347A}.Release|Any CPU.ActiveCfg = Release|Any CPU
		{89EC06EE-8A07-4731-9D96-C6E51A45347A}.Release|Any CPU.Build.0 = Release|Any CPU
		{8BCD806C-C0EA-4571-9542-4DC68C2780FB}.Debug|Any CPU.ActiveCfg = Debug|Any CPU
		{8BCD806C-C0EA-4571-9542-4DC68C2780FB}.Debug|Any CPU.Build.0 = Debug|Any CPU
		{8BCD806C-C0EA-4571-9542-4DC68C2780FB}.Release|Any CPU.ActiveCfg = Release|Any CPU
		{8BCD806C-C0EA-4571-9542-4DC68C2780FB}.Release|Any CPU.Build.0 = Release|Any CPU
		{151CDE89-CF62-47CC-9ADA-015398FD9D81}.Debug|Any CPU.ActiveCfg = Debug|Any CPU
		{151CDE89-CF62-47CC-9ADA-015398FD9D81}.Debug|Any CPU.Build.0 = Debug|Any CPU
		{151CDE89-CF62-47CC-9ADA-015398FD9D81}.Release|Any CPU.ActiveCfg = Release|Any CPU
		{151CDE89-CF62-47CC-9ADA-015398FD9D81}.Release|Any CPU.Build.0 = Release|Any CPU
	EndGlobalSection
	GlobalSection(SolutionProperties) = preSolution
		HideSolutionNode = FALSE
	EndGlobalSection
	GlobalSection(ExtensibilityGlobals) = postSolution
		SolutionGuid = {E383C6B7-5B3F-4C4A-8525-B5574B7731C5}
	EndGlobalSection
EndGlobal
